
Microsoft Visual Studio Solution File, Format Version 12.00
# Visual Studio Version 16
VisualStudioVersion = 16.0.30804.86
MinimumVisualStudioVersion = 10.0.40219.1
Project("{FAE04EC0-301F-11D3-BF4B-00C04F79EFBC}") = "Task1", "Task1.csproj", "{F4785995-9845-42A6-9F97-066C0163FA93}"
EndProject
Global
	GlobalSection(SolutionConfigurationPlatforms) = preSolution
		Debug|Any CPU = Debug|Any CPU
		Release|Any CPU = Release|Any CPU
	EndGlobalSection
	GlobalSection(ProjectConfigurationPlatforms) = postSolution
		{F4785995-9845-42A6-9F97-066C0163FA93}.Debug|Any CPU.ActiveCfg = Debug|Any CPU
		{F4785995-9845-42A6-9F97-066C0163FA93}.Debug|Any CPU.Build.0 = Debug|Any CPU
		{F4785995-9845-42A6-9F97-066C0163FA93}.Release|Any CPU.ActiveCfg = Release|Any CPU
		{F4785995-9845-42A6-9F97-066C0163FA93}.Release|Any CPU.Build.0 = Release|Any CPU
	EndGlobalSection
	GlobalSection(SolutionProperties) = preSolution
		HideSolutionNode = FALSE
	EndGlobalSection
	GlobalSection(ExtensibilityGlobals) = postSolution
		SolutionGuid = {FBCAC74B-1E80-404C-91F0-5453D204ADB1}
	EndGlobalSection
EndGlobal
