
Microsoft Visual Studio Solution File, Format Version 12.00
# Visual Studio Version 16
VisualStudioVersion = 16.0.30804.86
MinimumVisualStudioVersion = 10.0.40219.1
Project("{FAE04EC0-301F-11D3-BF4B-00C04F79EFBC}") = "TaskAdvanced", "TaskAdvanced.csproj", "{65729B8D-1290-411C-80C5-8087B1A85BCD}"
EndProject
Global
	GlobalSection(SolutionConfigurationPlatforms) = preSolution
		Debug|Any CPU = Debug|Any CPU
		Release|Any CPU = Release|Any CPU
	EndGlobalSection
	GlobalSection(ProjectConfigurationPlatforms) = postSolution
		{65729B8D-1290-411C-80C5-8087B1A85BCD}.Debug|Any CPU.ActiveCfg = Debug|Any CPU
		{65729B8D-1290-411C-80C5-8087B1A85BCD}.Debug|Any CPU.Build.0 = Debug|Any CPU
		{65729B8D-1290-411C-80C5-8087B1A85BCD}.Release|Any CPU.ActiveCfg = Release|Any CPU
		{65729B8D-1290-411C-80C5-8087B1A85BCD}.Release|Any CPU.Build.0 = Release|Any CPU
	EndGlobalSection
	GlobalSection(SolutionProperties) = preSolution
		HideSolutionNode = FALSE
	EndGlobalSection
	GlobalSection(ExtensibilityGlobals) = postSolution
		SolutionGuid = {127B457E-C82E-4DF0-BFD8-BC38B3D14C0E}
	EndGlobalSection
EndGlobal
