
Microsoft Visual Studio Solution File, Format Version 12.00
# Visual Studio Version 16
VisualStudioVersion = 16.0.31829.152
MinimumVisualStudioVersion = 10.0.40219.1
Project("{FAE04EC0-301F-11D3-BF4B-00C04F79EFBC}") = "TaskAdvanced", "TaskAdvanced.csproj", "{3AAEEEC1-83A7-4A06-91C1-65BA1FE46323}"
EndProject
Global
	GlobalSection(SolutionConfigurationPlatforms) = preSolution
		Debug|Any CPU = Debug|Any CPU
		Release|Any CPU = Release|Any CPU
	EndGlobalSection
	GlobalSection(ProjectConfigurationPlatforms) = postSolution
		{3AAEEEC1-83A7-4A06-91C1-65BA1FE46323}.Debug|Any CPU.ActiveCfg = Debug|Any CPU
		{3AAEEEC1-83A7-4A06-91C1-65BA1FE46323}.Debug|Any CPU.Build.0 = Debug|Any CPU
		{3AAEEEC1-83A7-4A06-91C1-65BA1FE46323}.Release|Any CPU.ActiveCfg = Release|Any CPU
		{3AAEEEC1-83A7-4A06-91C1-65BA1FE46323}.Release|Any CPU.Build.0 = Release|Any CPU
	EndGlobalSection
	GlobalSection(SolutionProperties) = preSolution
		HideSolutionNode = FALSE
	EndGlobalSection
	GlobalSection(ExtensibilityGlobals) = postSolution
		SolutionGuid = {0E712C3E-7AA6-4663-91EA-8EC72BC7F7F7}
	EndGlobalSection
EndGlobal
