
Microsoft Visual Studio Solution File, Format Version 12.00
# Visual Studio Version 16
VisualStudioVersion = 16.0.30804.86
MinimumVisualStudioVersion = 10.0.40219.1
Project("{FAE04EC0-301F-11D3-BF4B-00C04F79EFBC}") = "Task5", "Task5.csproj", "{5D5F4193-D49F-4108-8BF1-22E21126BA2A}"
EndProject
Global
	GlobalSection(SolutionConfigurationPlatforms) = preSolution
		Debug|Any CPU = Debug|Any CPU
		Release|Any CPU = Release|Any CPU
	EndGlobalSection
	GlobalSection(ProjectConfigurationPlatforms) = postSolution
		{5D5F4193-D49F-4108-8BF1-22E21126BA2A}.Debug|Any CPU.ActiveCfg = Debug|Any CPU
		{5D5F4193-D49F-4108-8BF1-22E21126BA2A}.Debug|Any CPU.Build.0 = Debug|Any CPU
		{5D5F4193-D49F-4108-8BF1-22E21126BA2A}.Release|Any CPU.ActiveCfg = Release|Any CPU
		{5D5F4193-D49F-4108-8BF1-22E21126BA2A}.Release|Any CPU.Build.0 = Release|Any CPU
	EndGlobalSection
	GlobalSection(SolutionProperties) = preSolution
		HideSolutionNode = FALSE
	EndGlobalSection
	GlobalSection(ExtensibilityGlobals) = postSolution
		SolutionGuid = {500CC05D-BDAC-4779-8871-3252C860AC39}
	EndGlobalSection
EndGlobal
